// !$*UTF8*$!
{
	archiveVersion = 1;
	classes = {
	};
	objectVersion = 56;
	objects = {

/* Begin PBXBuildFile section */
		33E51BD029FD96FD00290B9C /* AppDelegate.swift in Sources */ = {isa = PBXBuildFile; fileRef = 33E51BCF29FD96FD00290B9C /* AppDelegate.swift */; };
		33E51BD229FD96FD00290B9C /* SceneDelegate.swift in Sources */ = {isa = PBXBuildFile; fileRef = 33E51BD129FD96FD00290B9C /* SceneDelegate.swift */; };
		33E51BD429FD96FD00290B9C /* ViewController.swift in Sources */ = {isa = PBXBuildFile; fileRef = 33E51BD329FD96FD00290B9C /* ViewController.swift */; };
		33E51BD729FD96FD00290B9C /* Main.storyboard in Resources */ = {isa = PBXBuildFile; fileRef = 33E51BD529FD96FD00290B9C /* Main.storyboard */; };
		33E51BD929FD96FE00290B9C /* Assets.xcassets in Resources */ = {isa = PBXBuildFile; fileRef = 33E51BD829FD96FE00290B9C /* Assets.xcassets */; };
		33E51BDC29FD96FE00290B9C /* LaunchScreen.storyboard in Resources */ = {isa = PBXBuildFile; fileRef = 33E51BDA29FD96FE00290B9C /* LaunchScreen.storyboard */; };
		33E51BE729FD96FE00290B9C /* COVID19Tests.swift in Sources */ = {isa = PBXBuildFile; fileRef = 33E51BE629FD96FE00290B9C /* COVID19Tests.swift */; };
		33E51BF129FD96FE00290B9C /* COVID19UITests.swift in Sources */ = {isa = PBXBuildFile; fileRef = 33E51BF029FD96FE00290B9C /* COVID19UITests.swift */; };
		33E51BF329FD96FE00290B9C /* COVID19UITestsLaunchTests.swift in Sources */ = {isa = PBXBuildFile; fileRef = 33E51BF229FD96FE00290B9C /* COVID19UITestsLaunchTests.swift */; };
		733B0244E8F5A87FBC49F9D4 /* Pods_COVID19Tests.framework in Frameworks */ = {isa = PBXBuildFile; fileRef = 990935952FE60DFEEC4098B4 /* Pods_COVID19Tests.framework */; };
		A3460464190182E6BC32E8E1 /* Pods_COVID19.framework in Frameworks */ = {isa = PBXBuildFile; fileRef = 7EBF76206293D85365F5181A /* Pods_COVID19.framework */; };
		CAB04292714A17F23A0980DE /* Pods_COVID19_COVID19UITests.framework in Frameworks */ = {isa = PBXBuildFile; fileRef = 375763F646AD8A43E06F5DAD /* Pods_COVID19_COVID19UITests.framework */; };
/* End PBXBuildFile section */

/* Begin PBXContainerItemProxy section */
		33E51BE329FD96FE00290B9C /* PBXContainerItemProxy */ = {
			isa = PBXContainerItemProxy;
			containerPortal = 33E51BC429FD96FD00290B9C /* Project object */;
			proxyType = 1;
			remoteGlobalIDString = 33E51BCB29FD96FD00290B9C;
			remoteInfo = COVID19;
		};
		33E51BED29FD96FE00290B9C /* PBXContainerItemProxy */ = {
			isa = PBXContainerItemProxy;
			containerPortal = 33E51BC429FD96FD00290B9C /* Project object */;
			proxyType = 1;
			remoteGlobalIDString = 33E51BCB29FD96FD00290B9C;
			remoteInfo = COVID19;
		};
/* End PBXContainerItemProxy section */

/* Begin PBXFileReference section */
		0B335B8EBF5E8090B78756B1 /* Pods-COVID19.release.xcconfig */ = {isa = PBXFileReference; includeInIndex = 1; lastKnownFileType = text.xcconfig; name = "Pods-COVID19.release.xcconfig"; path = "Target Support Files/Pods-COVID19/Pods-COVID19.release.xcconfig"; sourceTree = "<group>"; };
		33E51BCC29FD96FD00290B9C /* COVID19.app */ = {isa = PBXFileReference; explicitFileType = wrapper.application; includeInIndex = 0; path = COVID19.app; sourceTree = BUILT_PRODUCTS_DIR; };
		33E51BCF29FD96FD00290B9C /* AppDelegate.swift */ = {isa = PBXFileReference; lastKnownFileType = sourcecode.swift; path = AppDelegate.swift; sourceTree = "<group>"; };
		33E51BD129FD96FD00290B9C /* SceneDelegate.swift */ = {isa = PBXFileReference; lastKnownFileType = sourcecode.swift; path = SceneDelegate.swift; sourceTree = "<group>"; };
		33E51BD329FD96FD00290B9C /* ViewController.swift */ = {isa = PBXFileReference; lastKnownFileType = sourcecode.swift; path = ViewController.swift; sourceTree = "<group>"; };
		33E51BD629FD96FD00290B9C /* Base */ = {isa = PBXFileReference; lastKnownFileType = file.storyboard; name = Base; path = Base.lproj/Main.storyboard; sourceTree = "<group>"; };
		33E51BD829FD96FE00290B9C /* Assets.xcassets */ = {isa = PBXFileReference; lastKnownFileType = folder.assetcatalog; path = Assets.xcassets; sourceTree = "<group>"; };
		33E51BDB29FD96FE00290B9C /* Base */ = {isa = PBXFileReference; lastKnownFileType = file.storyboard; name = Base; path = Base.lproj/LaunchScreen.storyboard; sourceTree = "<group>"; };
		33E51BDD29FD96FE00290B9C /* Info.plist */ = {isa = PBXFileReference; lastKnownFileType = text.plist.xml; path = Info.plist; sourceTree = "<group>"; };
		33E51BE229FD96FE00290B9C /* COVID19Tests.xctest */ = {isa = PBXFileReference; explicitFileType = wrapper.cfbundle; includeInIndex = 0; path = COVID19Tests.xctest; sourceTree = BUILT_PRODUCTS_DIR; };
		33E51BE629FD96FE00290B9C /* COVID19Tests.swift */ = {isa = PBXFileReference; lastKnownFileType = sourcecode.swift; path = COVID19Tests.swift; sourceTree = "<group>"; };
		33E51BEC29FD96FE00290B9C /* COVID19UITests.xctest */ = {isa = PBXFileReference; explicitFileType = wrapper.cfbundle; includeInIndex = 0; path = COVID19UITests.xctest; sourceTree = BUILT_PRODUCTS_DIR; };
		33E51BF029FD96FE00290B9C /* COVID19UITests.swift */ = {isa = PBXFileReference; lastKnownFileType = sourcecode.swift; path = COVID19UITests.swift; sourceTree = "<group>"; };
		33E51BF229FD96FE00290B9C /* COVID19UITestsLaunchTests.swift */ = {isa = PBXFileReference; lastKnownFileType = sourcecode.swift; path = COVID19UITestsLaunchTests.swift; sourceTree = "<group>"; };
		375763F646AD8A43E06F5DAD /* Pods_COVID19_COVID19UITests.framework */ = {isa = PBXFileReference; explicitFileType = wrapper.framework; includeInIndex = 0; path = Pods_COVID19_COVID19UITests.framework; sourceTree = BUILT_PRODUCTS_DIR; };
		507444BE982696536146D2B9 /* Pods-COVID19Tests.debug.xcconfig */ = {isa = PBXFileReference; includeInIndex = 1; lastKnownFileType = text.xcconfig; name = "Pods-COVID19Tests.debug.xcconfig"; path = "Target Support Files/Pods-COVID19Tests/Pods-COVID19Tests.debug.xcconfig"; sourceTree = "<group>"; };
		7EBF76206293D85365F5181A /* Pods_COVID19.framework */ = {isa = PBXFileReference; explicitFileType = wrapper.framework; includeInIndex = 0; path = Pods_COVID19.framework; sourceTree = BUILT_PRODUCTS_DIR; };
		990935952FE60DFEEC4098B4 /* Pods_COVID19Tests.framework */ = {isa = PBXFileReference; explicitFileType = wrapper.framework; includeInIndex = 0; path = Pods_COVID19Tests.framework; sourceTree = BUILT_PRODUCTS_DIR; };
		B7E57FD5FB77EADAAC78BABA /* Pods-COVID19Tests.release.xcconfig */ = {isa = PBXFileReference; includeInIndex = 1; lastKnownFileType = text.xcconfig; name = "Pods-COVID19Tests.release.xcconfig"; path = "Target Support Files/Pods-COVID19Tests/Pods-COVID19Tests.release.xcconfig"; sourceTree = "<group>"; };
		D206119E329CA4FC77960666 /* Pods-COVID19-COVID19UITests.release.xcconfig */ = {isa = PBXFileReference; includeInIndex = 1; lastKnownFileType = text.xcconfig; name = "Pods-COVID19-COVID19UITests.release.xcconfig"; path = "Target Support Files/Pods-COVID19-COVID19UITests/Pods-COVID19-COVID19UITests.release.xcconfig"; sourceTree = "<group>"; };
		D66032D7466CC0E13CFDF873 /* Pods-COVID19-COVID19UITests.debug.xcconfig */ = {isa = PBXFileReference; includeInIndex = 1; lastKnownFileType = text.xcconfig; name = "Pods-COVID19-COVID19UITests.debug.xcconfig"; path = "Target Support Files/Pods-COVID19-COVID19UITests/Pods-COVID19-COVID19UITests.debug.xcconfig"; sourceTree = "<group>"; };
		E428340C72DE2373EC7D9A08 /* Pods-COVID19.debug.xcconfig */ = {isa = PBXFileReference; includeInIndex = 1; lastKnownFileType = text.xcconfig; name = "Pods-COVID19.debug.xcconfig"; path = "Target Support Files/Pods-COVID19/Pods-COVID19.debug.xcconfig"; sourceTree = "<group>"; };
/* End PBXFileReference section */

/* Begin PBXFrameworksBuildPhase section */
		33E51BC929FD96FD00290B9C /* Frameworks */ = {
			isa = PBXFrameworksBuildPhase;
			buildActionMask = 2147483647;
			files = (
				A3460464190182E6BC32E8E1 /* Pods_COVID19.framework in Frameworks */,
			);
			runOnlyForDeploymentPostprocessing = 0;
		};
		33E51BDF29FD96FE00290B9C /* Frameworks */ = {
			isa = PBXFrameworksBuildPhase;
			buildActionMask = 2147483647;
			files = (
				733B0244E8F5A87FBC49F9D4 /* Pods_COVID19Tests.framework in Frameworks */,
			);
			runOnlyForDeploymentPostprocessing = 0;
		};
		33E51BE929FD96FE00290B9C /* Frameworks */ = {
			isa = PBXFrameworksBuildPhase;
			buildActionMask = 2147483647;
			files = (
				CAB04292714A17F23A0980DE /* Pods_COVID19_COVID19UITests.framework in Frameworks */,
			);
			runOnlyForDeploymentPostprocessing = 0;
		};
/* End PBXFrameworksBuildPhase section */

/* Begin PBXGroup section */
		33E51BC329FD96FD00290B9C = {
			isa = PBXGroup;
			children = (
				33E51BCE29FD96FD00290B9C /* COVID19 */,
				33E51BE529FD96FE00290B9C /* COVID19Tests */,
				33E51BEF29FD96FE00290B9C /* COVID19UITests */,
				33E51BCD29FD96FD00290B9C /* Products */,
				D467E722631D52B47968B16C /* Pods */,
				F8F02CCA4EA5E8A0DEBCEB5B /* Frameworks */,
			);
			sourceTree = "<group>";
		};
		33E51BCD29FD96FD00290B9C /* Products */ = {
			isa = PBXGroup;
			children = (
				33E51BCC29FD96FD00290B9C /* COVID19.app */,
				33E51BE229FD96FE00290B9C /* COVID19Tests.xctest */,
				33E51BEC29FD96FE00290B9C /* COVID19UITests.xctest */,
			);
			name = Products;
			sourceTree = "<group>";
		};
		33E51BCE29FD96FD00290B9C /* COVID19 */ = {
			isa = PBXGroup;
			children = (
				33E51BCF29FD96FD00290B9C /* AppDelegate.swift */,
				33E51BD129FD96FD00290B9C /* SceneDelegate.swift */,
				33E51BD329FD96FD00290B9C /* ViewController.swift */,
				33E51BD529FD96FD00290B9C /* Main.storyboard */,
				33E51BD829FD96FE00290B9C /* Assets.xcassets */,
				33E51BDA29FD96FE00290B9C /* LaunchScreen.storyboard */,
				33E51BDD29FD96FE00290B9C /* Info.plist */,
			);
			path = COVID19;
			sourceTree = "<group>";
		};
		33E51BE529FD96FE00290B9C /* COVID19Tests */ = {
			isa = PBXGroup;
			children = (
				33E51BE629FD96FE00290B9C /* COVID19Tests.swift */,
			);
			path = COVID19Tests;
			sourceTree = "<group>";
		};
		33E51BEF29FD96FE00290B9C /* COVID19UITests */ = {
			isa = PBXGroup;
			children = (
				33E51BF029FD96FE00290B9C /* COVID19UITests.swift */,
				33E51BF229FD96FE00290B9C /* COVID19UITestsLaunchTests.swift */,
			);
			path = COVID19UITests;
			sourceTree = "<group>";
		};
		D467E722631D52B47968B16C /* Pods */ = {
			isa = PBXGroup;
			children = (
				E428340C72DE2373EC7D9A08 /* Pods-COVID19.debug.xcconfig */,
				0B335B8EBF5E8090B78756B1 /* Pods-COVID19.release.xcconfig */,
				D66032D7466CC0E13CFDF873 /* Pods-COVID19-COVID19UITests.debug.xcconfig */,
				D206119E329CA4FC77960666 /* Pods-COVID19-COVID19UITests.release.xcconfig */,
				507444BE982696536146D2B9 /* Pods-COVID19Tests.debug.xcconfig */,
				B7E57FD5FB77EADAAC78BABA /* Pods-COVID19Tests.release.xcconfig */,
			);
			name = Pods;
			path = Pods;
			sourceTree = "<group>";
		};
		F8F02CCA4EA5E8A0DEBCEB5B /* Frameworks */ = {
			isa = PBXGroup;
			children = (
				7EBF76206293D85365F5181A /* Pods_COVID19.framework */,
				375763F646AD8A43E06F5DAD /* Pods_COVID19_COVID19UITests.framework */,
				990935952FE60DFEEC4098B4 /* Pods_COVID19Tests.framework */,
			);
			name = Frameworks;
			sourceTree = "<group>";
		};
/* End PBXGroup section */

/* Begin PBXNativeTarget section */
		33E51BCB29FD96FD00290B9C /* COVID19 */ = {
			isa = PBXNativeTarget;
			buildConfigurationList = 33E51BF629FD96FE00290B9C /* Build configuration list for PBXNativeTarget "COVID19" */;
			buildPhases = (
				36DCAF8FF47C1BE5017E73AC /* [CP] Check Pods Manifest.lock */,
				33E51BC829FD96FD00290B9C /* Sources */,
				33E51BC929FD96FD00290B9C /* Frameworks */,
				33E51BCA29FD96FD00290B9C /* Resources */,
				9B8147EA3FFFF58544AD6E63 /* [CP] Embed Pods Frameworks */,
			);
			buildRules = (
			);
			dependencies = (
			);
			name = COVID19;
			productName = COVID19;
			productReference = 33E51BCC29FD96FD00290B9C /* COVID19.app */;
			productType = "com.apple.product-type.application";
		};
		33E51BE129FD96FE00290B9C /* COVID19Tests */ = {
			isa = PBXNativeTarget;
			buildConfigurationList = 33E51BF929FD96FE00290B9C /* Build configuration list for PBXNativeTarget "COVID19Tests" */;
			buildPhases = (
				87E2B01C980D8F669023C65A /* [CP] Check Pods Manifest.lock */,
				33E51BDE29FD96FE00290B9C /* Sources */,
				33E51BDF29FD96FE00290B9C /* Frameworks */,
				33E51BE029FD96FE00290B9C /* Resources */,
			);
			buildRules = (
			);
			dependencies = (
				33E51BE429FD96FE00290B9C /* PBXTargetDependency */,
			);
			name = COVID19Tests;
			productName = COVID19Tests;
			productReference = 33E51BE229FD96FE00290B9C /* COVID19Tests.xctest */;
			productType = "com.apple.product-type.bundle.unit-test";
		};
		33E51BEB29FD96FE00290B9C /* COVID19UITests */ = {
			isa = PBXNativeTarget;
			buildConfigurationList = 33E51BFC29FD96FE00290B9C /* Build configuration list for PBXNativeTarget "COVID19UITests" */;
			buildPhases = (
				11BB5CE7E23B2B528AA1D544 /* [CP] Check Pods Manifest.lock */,
				33E51BE829FD96FE00290B9C /* Sources */,
				33E51BE929FD96FE00290B9C /* Frameworks */,
				33E51BEA29FD96FE00290B9C /* Resources */,
				5B355FCD29F0A3B9C59FEB8C /* [CP] Embed Pods Frameworks */,
			);
			buildRules = (
			);
			dependencies = (
				33E51BEE29FD96FE00290B9C /* PBXTargetDependency */,
			);
			name = COVID19UITests;
			productName = COVID19UITests;
			productReference = 33E51BEC29FD96FE00290B9C /* COVID19UITests.xctest */;
			productType = "com.apple.product-type.bundle.ui-testing";
		};
/* End PBXNativeTarget section */

/* Begin PBXProject section */
		33E51BC429FD96FD00290B9C /* Project object */ = {
			isa = PBXProject;
			attributes = {
				BuildIndependentTargetsInParallel = 1;
				LastSwiftUpdateCheck = 1430;
				LastUpgradeCheck = 1430;
				TargetAttributes = {
					33E51BCB29FD96FD00290B9C = {
						CreatedOnToolsVersion = 14.3;
					};
					33E51BE129FD96FE00290B9C = {
						CreatedOnToolsVersion = 14.3;
						TestTargetID = 33E51BCB29FD96FD00290B9C;
					};
					33E51BEB29FD96FE00290B9C = {
						CreatedOnToolsVersion = 14.3;
						TestTargetID = 33E51BCB29FD96FD00290B9C;
					};
				};
			};
			buildConfigurationList = 33E51BC729FD96FD00290B9C /* Build configuration list for PBXProject "COVID19" */;
			compatibilityVersion = "Xcode 14.0";
			developmentRegion = en;
			hasScannedForEncodings = 0;
			knownRegions = (
				en,
				Base,
			);
			mainGroup = 33E51BC329FD96FD00290B9C;
			productRefGroup = 33E51BCD29FD96FD00290B9C /* Products */;
			projectDirPath = "";
			projectRoot = "";
			targets = (
				33E51BCB29FD96FD00290B9C /* COVID19 */,
				33E51BE129FD96FE00290B9C /* COVID19Tests */,
				33E51BEB29FD96FE00290B9C /* COVID19UITests */,
			);
		};
/* End PBXProject section */

/* Begin PBXResourcesBuildPhase section */
		33E51BCA29FD96FD00290B9C /* Resources */ = {
			isa = PBXResourcesBuildPhase;
			buildActionMask = 2147483647;
			files = (
				33E51BDC29FD96FE00290B9C /* LaunchScreen.storyboard in Resources */,
				33E51BD929FD96FE00290B9C /* Assets.xcassets in Resources */,
				33E51BD729FD96FD00290B9C /* Main.storyboard in Resources */,
			);
			runOnlyForDeploymentPostprocessing = 0;
		};
		33E51BE029FD96FE00290B9C /* Resources */ = {
			isa = PBXResourcesBuildPhase;
			buildActionMask = 2147483647;
			files = (
			);
			runOnlyForDeploymentPostprocessing = 0;
		};
		33E51BEA29FD96FE00290B9C /* Resources */ = {
			isa = PBXResourcesBuildPhase;
			buildActionMask = 2147483647;
			files = (
			);
			runOnlyForDeploymentPostprocessing = 0;
		};
/* End PBXResourcesBuildPhase section */

/* Begin PBXShellScriptBuildPhase section */
		11BB5CE7E23B2B528AA1D544 /* [CP] Check Pods Manifest.lock */ = {
			isa = PBXShellScriptBuildPhase;
			buildActionMask = 2147483647;
			files = (
			);
			inputFileListPaths = (
			);
			inputPaths = (
				"${PODS_PODFILE_DIR_PATH}/Podfile.lock",
				"${PODS_ROOT}/Manifest.lock",
			);
			name = "[CP] Check Pods Manifest.lock";
			outputFileListPaths = (
			);
			outputPaths = (
				"$(DERIVED_FILE_DIR)/Pods-COVID19-COVID19UITests-checkManifestLockResult.txt",
			);
			runOnlyForDeploymentPostprocessing = 0;
			shellPath = /bin/sh;
			shellScript = "diff \"${PODS_PODFILE_DIR_PATH}/Podfile.lock\" \"${PODS_ROOT}/Manifest.lock\" > /dev/null\nif [ $? != 0 ] ; then\n    # print error to STDERR\n    echo \"error: The sandbox is not in sync with the Podfile.lock. Run 'pod install' or update your CocoaPods installation.\" >&2\n    exit 1\nfi\n# This output is used by Xcode 'outputs' to avoid re-running this script phase.\necho \"SUCCESS\" > \"${SCRIPT_OUTPUT_FILE_0}\"\n";
			showEnvVarsInLog = 0;
		};
		36DCAF8FF47C1BE5017E73AC /* [CP] Check Pods Manifest.lock */ = {
			isa = PBXShellScriptBuildPhase;
			buildActionMask = 2147483647;
			files = (
			);
			inputFileListPaths = (
			);
			inputPaths = (
				"${PODS_PODFILE_DIR_PATH}/Podfile.lock",
				"${PODS_ROOT}/Manifest.lock",
			);
			name = "[CP] Check Pods Manifest.lock";
			outputFileListPaths = (
			);
			outputPaths = (
				"$(DERIVED_FILE_DIR)/Pods-COVID19-checkManifestLockResult.txt",
			);
			runOnlyForDeploymentPostprocessing = 0;
			shellPath = /bin/sh;
			shellScript = "diff \"${PODS_PODFILE_DIR_PATH}/Podfile.lock\" \"${PODS_ROOT}/Manifest.lock\" > /dev/null\nif [ $? != 0 ] ; then\n    # print error to STDERR\n    echo \"error: The sandbox is not in sync with the Podfile.lock. Run 'pod install' or update your CocoaPods installation.\" >&2\n    exit 1\nfi\n# This output is used by Xcode 'outputs' to avoid re-running this script phase.\necho \"SUCCESS\" > \"${SCRIPT_OUTPUT_FILE_0}\"\n";
			showEnvVarsInLog = 0;
		};
		5B355FCD29F0A3B9C59FEB8C /* [CP] Embed Pods Frameworks */ = {
			isa = PBXShellScriptBuildPhase;
			buildActionMask = 2147483647;
			files = (
			);
			inputFileListPaths = (
				"${PODS_ROOT}/Target Support Files/Pods-COVID19-COVID19UITests/Pods-COVID19-COVID19UITests-frameworks-${CONFIGURATION}-input-files.xcfilelist",
			);
			name = "[CP] Embed Pods Frameworks";
			outputFileListPaths = (
				"${PODS_ROOT}/Target Support Files/Pods-COVID19-COVID19UITests/Pods-COVID19-COVID19UITests-frameworks-${CONFIGURATION}-output-files.xcfilelist",
			);
			runOnlyForDeploymentPostprocessing = 0;
			shellPath = /bin/sh;
			shellScript = "\"${PODS_ROOT}/Target Support Files/Pods-COVID19-COVID19UITests/Pods-COVID19-COVID19UITests-frameworks.sh\"\n";
			showEnvVarsInLog = 0;
		};
		87E2B01C980D8F669023C65A /* [CP] Check Pods Manifest.lock */ = {
			isa = PBXShellScriptBuildPhase;
			buildActionMask = 2147483647;
			files = (
			);
			inputFileListPaths = (
			);
			inputPaths = (
				"${PODS_PODFILE_DIR_PATH}/Podfile.lock",
				"${PODS_ROOT}/Manifest.lock",
			);
			name = "[CP] Check Pods Manifest.lock";
			outputFileListPaths = (
			);
			outputPaths = (
				"$(DERIVED_FILE_DIR)/Pods-COVID19Tests-checkManifestLockResult.txt",
			);
			runOnlyForDeploymentPostprocessing = 0;
			shellPath = /bin/sh;
			shellScript = "diff \"${PODS_PODFILE_DIR_PATH}/Podfile.lock\" \"${PODS_ROOT}/Manifest.lock\" > /dev/null\nif [ $? != 0 ] ; then\n    # print error to STDERR\n    echo \"error: The sandbox is not in sync with the Podfile.lock. Run 'pod install' or update your CocoaPods installation.\" >&2\n    exit 1\nfi\n# This output is used by Xcode 'outputs' to avoid re-running this script phase.\necho \"SUCCESS\" > \"${SCRIPT_OUTPUT_FILE_0}\"\n";
			showEnvVarsInLog = 0;
		};
		9B8147EA3FFFF58544AD6E63 /* [CP] Embed Pods Frameworks */ = {
			isa = PBXShellScriptBuildPhase;
			buildActionMask = 2147483647;
			files = (
			);
			inputFileListPaths = (
				"${PODS_ROOT}/Target Support Files/Pods-COVID19/Pods-COVID19-frameworks-${CONFIGURATION}-input-files.xcfilelist",
			);
			name = "[CP] Embed Pods Frameworks";
			outputFileListPaths = (
				"${PODS_ROOT}/Target Support Files/Pods-COVID19/Pods-COVID19-frameworks-${CONFIGURATION}-output-files.xcfilelist",
			);
			runOnlyForDeploymentPostprocessing = 0;
			shellPath = /bin/sh;
			shellScript = "\"${PODS_ROOT}/Target Support Files/Pods-COVID19/Pods-COVID19-frameworks.sh\"\n";
			showEnvVarsInLog = 0;
		};
/* End PBXShellScriptBuildPhase section */

/* Begin PBXSourcesBuildPhase section */
		33E51BC829FD96FD00290B9C /* Sources */ = {
			isa = PBXSourcesBuildPhase;
			buildActionMask = 2147483647;
			files = (
				33E51BD429FD96FD00290B9C /* ViewController.swift in Sources */,
				33E51BD029FD96FD00290B9C /* AppDelegate.swift in Sources */,
				33E51BD229FD96FD00290B9C /* SceneDelegate.swift in Sources */,
			);
			runOnlyForDeploymentPostprocessing = 0;
		};
		33E51BDE29FD96FE00290B9C /* Sources */ = {
			isa = PBXSourcesBuildPhase;
			buildActionMask = 2147483647;
			files = (
				33E51BE729FD96FE00290B9C /* COVID19Tests.swift in Sources */,
			);
			runOnlyForDeploymentPostprocessing = 0;
		};
		33E51BE829FD96FE00290B9C /* Sources */ = {
			isa = PBXSourcesBuildPhase;
			buildActionMask = 2147483647;
			files = (
				33E51BF329FD96FE00290B9C /* COVID19UITestsLaunchTests.swift in Sources */,
				33E51BF129FD96FE00290B9C /* COVID19UITests.swift in Sources */,
			);
			runOnlyForDeploymentPostprocessing = 0;
		};
/* End PBXSourcesBuildPhase section */

/* Begin PBXTargetDependency section */
		33E51BE429FD96FE00290B9C /* PBXTargetDependency */ = {
			isa = PBXTargetDependency;
			target = 33E51BCB29FD96FD00290B9C /* COVID19 */;
			targetProxy = 33E51BE329FD96FE00290B9C /* PBXContainerItemProxy */;
		};
		33E51BEE29FD96FE00290B9C /* PBXTargetDependency */ = {
			isa = PBXTargetDependency;
			target = 33E51BCB29FD96FD00290B9C /* COVID19 */;
			targetProxy = 33E51BED29FD96FE00290B9C /* PBXContainerItemProxy */;
		};
/* End PBXTargetDependency section */

/* Begin PBXVariantGroup section */
		33E51BD529FD96FD00290B9C /* Main.storyboard */ = {
			isa = PBXVariantGroup;
			children = (
				33E51BD629FD96FD00290B9C /* Base */,
			);
			name = Main.storyboard;
			sourceTree = "<group>";
		};
		33E51BDA29FD96FE00290B9C /* LaunchScreen.storyboard */ = {
			isa = PBXVariantGroup;
			children = (
				33E51BDB29FD96FE00290B9C /* Base */,
			);
			name = LaunchScreen.storyboard;
			sourceTree = "<group>";
		};
/* End PBXVariantGroup section */

/* Begin XCBuildConfiguration section */
		33E51BF429FD96FE00290B9C /* Debug */ = {
			isa = XCBuildConfiguration;
			buildSettings = {
				ALWAYS_SEARCH_USER_PATHS = NO;
				CLANG_ANALYZER_NONNULL = YES;
				CLANG_ANALYZER_NUMBER_OBJECT_CONVERSION = YES_AGGRESSIVE;
				CLANG_CXX_LANGUAGE_STANDARD = "gnu++20";
				CLANG_ENABLE_MODULES = YES;
				CLANG_ENABLE_OBJC_ARC = YES;
				CLANG_ENABLE_OBJC_WEAK = YES;
				CLANG_WARN_BLOCK_CAPTURE_AUTORELEASING = YES;
				CLANG_WARN_BOOL_CONVERSION = YES;
				CLANG_WARN_COMMA = YES;
				CLANG_WARN_CONSTANT_CONVERSION = YES;
				CLANG_WARN_DEPRECATED_OBJC_IMPLEMENTATIONS = YES;
				CLANG_WARN_DIRECT_OBJC_ISA_USAGE = YES_ERROR;
				CLANG_WARN_DOCUMENTATION_COMMENTS = YES;
				CLANG_WARN_EMPTY_BODY = YES;
				CLANG_WARN_ENUM_CONVERSION = YES;
				CLANG_WARN_INFINITE_RECURSION = YES;
				CLANG_WARN_INT_CONVERSION = YES;
				CLANG_WARN_NON_LITERAL_NULL_CONVERSION = YES;
				CLANG_WARN_OBJC_IMPLICIT_RETAIN_SELF = YES;
				CLANG_WARN_OBJC_LITERAL_CONVERSION = YES;
				CLANG_WARN_OBJC_ROOT_CLASS = YES_ERROR;
				CLANG_WARN_QUOTED_INCLUDE_IN_FRAMEWORK_HEADER = YES;
				CLANG_WARN_RANGE_LOOP_ANALYSIS = YES;
				CLANG_WARN_STRICT_PROTOTYPES = YES;
				CLANG_WARN_SUSPICIOUS_MOVE = YES;
				CLANG_WARN_UNGUARDED_AVAILABILITY = YES_AGGRESSIVE;
				CLANG_WARN_UNREACHABLE_CODE = YES;
				CLANG_WARN__DUPLICATE_METHOD_MATCH = YES;
				COPY_PHASE_STRIP = NO;
				DEBUG_INFORMATION_FORMAT = dwarf;
				ENABLE_STRICT_OBJC_MSGSEND = YES;
				ENABLE_TESTABILITY = YES;
				GCC_C_LANGUAGE_STANDARD = gnu11;
				GCC_DYNAMIC_NO_PIC = NO;
				GCC_NO_COMMON_BLOCKS = YES;
				GCC_OPTIMIZATION_LEVEL = 0;
				GCC_PREPROCESSOR_DEFINITIONS = (
					"DEBUG=1",
					"$(inherited)",
				);
				GCC_WARN_64_TO_32_BIT_CONVERSION = YES;
				GCC_WARN_ABOUT_RETURN_TYPE = YES_ERROR;
				GCC_WARN_UNDECLARED_SELECTOR = YES;
				GCC_WARN_UNINITIALIZED_AUTOS = YES_AGGRESSIVE;
				GCC_WARN_UNUSED_FUNCTION = YES;
				GCC_WARN_UNUSED_VARIABLE = YES;
				IPHONEOS_DEPLOYMENT_TARGET = 16.4;
				MTL_ENABLE_DEBUG_INFO = INCLUDE_SOURCE;
				MTL_FAST_MATH = YES;
				ONLY_ACTIVE_ARCH = YES;
				SDKROOT = iphoneos;
				SWIFT_ACTIVE_COMPILATION_CONDITIONS = DEBUG;
				SWIFT_OPTIMIZATION_LEVEL = "-Onone";
			};
			name = Debug;
		};
		33E51BF529FD96FE00290B9C /* Release */ = {
			isa = XCBuildConfiguration;
			buildSettings = {
				ALWAYS_SEARCH_USER_PATHS = NO;
				CLANG_ANALYZER_NONNULL = YES;
				CLANG_ANALYZER_NUMBER_OBJECT_CONVERSION = YES_AGGRESSIVE;
				CLANG_CXX_LANGUAGE_STANDARD = "gnu++20";
				CLANG_ENABLE_MODULES = YES;
				CLANG_ENABLE_OBJC_ARC = YES;
				CLANG_ENABLE_OBJC_WEAK = YES;
				CLANG_WARN_BLOCK_CAPTURE_AUTORELEASING = YES;
				CLANG_WARN_BOOL_CONVERSION = YES;
				CLANG_WARN_COMMA = YES;
				CLANG_WARN_CONSTANT_CONVERSION = YES;
				CLANG_WARN_DEPRECATED_OBJC_IMPLEMENTATIONS = YES;
				CLANG_WARN_DIRECT_OBJC_ISA_USAGE = YES_ERROR;
				CLANG_WARN_DOCUMENTATION_COMMENTS = YES;
				CLANG_WARN_EMPTY_BODY = YES;
				CLANG_WARN_ENUM_CONVERSION = YES;
				CLANG_WARN_INFINITE_RECURSION = YES;
				CLANG_WARN_INT_CONVERSION = YES;
				CLANG_WARN_NON_LITERAL_NULL_CONVERSION = YES;
				CLANG_WARN_OBJC_IMPLICIT_RETAIN_SELF = YES;
				CLANG_WARN_OBJC_LITERAL_CONVERSION = YES;
				CLANG_WARN_OBJC_ROOT_CLASS = YES_ERROR;
				CLANG_WARN_QUOTED_INCLUDE_IN_FRAMEWORK_HEADER = YES;
				CLANG_WARN_RANGE_LOOP_ANALYSIS = YES;
				CLANG_WARN_STRICT_PROTOTYPES = YES;
				CLANG_WARN_SUSPICIOUS_MOVE = YES;
				CLANG_WARN_UNGUARDED_AVAILABILITY = YES_AGGRESSIVE;
				CLANG_WARN_UNREACHABLE_CODE = YES;
				CLANG_WARN__DUPLICATE_METHOD_MATCH = YES;
				COPY_PHASE_STRIP = NO;
				DEBUG_INFORMATION_FORMAT = "dwarf-with-dsym";
				ENABLE_NS_ASSERTIONS = NO;
				ENABLE_STRICT_OBJC_MSGSEND = YES;
				GCC_C_LANGUAGE_STANDARD = gnu11;
				GCC_NO_COMMON_BLOCKS = YES;
				GCC_WARN_64_TO_32_BIT_CONVERSION = YES;
				GCC_WARN_ABOUT_RETURN_TYPE = YES_ERROR;
				GCC_WARN_UNDECLARED_SELECTOR = YES;
				GCC_WARN_UNINITIALIZED_AUTOS = YES_AGGRESSIVE;
				GCC_WARN_UNUSED_FUNCTION = YES;
				GCC_WARN_UNUSED_VARIABLE = YES;
				IPHONEOS_DEPLOYMENT_TARGET = 16.4;
				MTL_ENABLE_DEBUG_INFO = NO;
				MTL_FAST_MATH = YES;
				SDKROOT = iphoneos;
				SWIFT_COMPILATION_MODE = wholemodule;
				SWIFT_OPTIMIZATION_LEVEL = "-O";
				VALIDATE_PRODUCT = YES;
			};
			name = Release;
		};
		33E51BF729FD96FE00290B9C /* Debug */ = {
			isa = XCBuildConfiguration;
			baseConfigurationReference = E428340C72DE2373EC7D9A08 /* Pods-COVID19.debug.xcconfig */;
			buildSettings = {
				ASSETCATALOG_COMPILER_APPICON_NAME = AppIcon;
				ASSETCATALOG_COMPILER_GLOBAL_ACCENT_COLOR_NAME = AccentColor;
				CODE_SIGN_STYLE = Automatic;
				CURRENT_PROJECT_VERSION = 1;
				DEVELOPMENT_TEAM = HJ943JVKX7;
				GENERATE_INFOPLIST_FILE = YES;
				INFOPLIST_FILE = COVID19/Info.plist;
				INFOPLIST_KEY_UIApplicationSupportsIndirectInputEvents = YES;
				INFOPLIST_KEY_UILaunchStoryboardName = LaunchScreen;
				INFOPLIST_KEY_UIMainStoryboardFile = Main;
				INFOPLIST_KEY_UISupportedInterfaceOrientations_iPad = "UIInterfaceOrientationPortrait UIInterfaceOrientationPortraitUpsideDown UIInterfaceOrientationLandscapeLeft UIInterfaceOrientationLandscapeRight";
				INFOPLIST_KEY_UISupportedInterfaceOrientations_iPhone = "UIInterfaceOrientationPortrait UIInterfaceOrientationLandscapeLeft UIInterfaceOrientationLandscapeRight";
				LD_RUNPATH_SEARCH_PATHS = (
					"$(inherited)",
					"@executable_path/Frameworks",
				);
				MARKETING_VERSION = 1.0;
				PRODUCT_BUNDLE_IDENTIFIER = oasis444.COVID19;
				PRODUCT_NAME = "$(TARGET_NAME)";
				SWIFT_EMIT_LOC_STRINGS = YES;
				SWIFT_VERSION = 5.0;
				TARGETED_DEVICE_FAMILY = "1,2";
			};
			name = Debug;
		};
		33E51BF829FD96FE00290B9C /* Release */ = {
			isa = XCBuildConfiguration;
			baseConfigurationReference = 0B335B8EBF5E8090B78756B1 /* Pods-COVID19.release.xcconfig */;
			buildSettings = {
				ASSETCATALOG_COMPILER_APPICON_NAME = AppIcon;
				ASSETCATALOG_COMPILER_GLOBAL_ACCENT_COLOR_NAME = AccentColor;
				CODE_SIGN_STYLE = Automatic;
				CURRENT_PROJECT_VERSION = 1;
				DEVELOPMENT_TEAM = HJ943JVKX7;
				GENERATE_INFOPLIST_FILE = YES;
				INFOPLIST_FILE = COVID19/Info.plist;
				INFOPLIST_KEY_UIApplicationSupportsIndirectInputEvents = YES;
				INFOPLIST_KEY_UILaunchStoryboardName = LaunchScreen;
				INFOPLIST_KEY_UIMainStoryboardFile = Main;
				INFOPLIST_KEY_UISupportedInterfaceOrientations_iPad = "UIInterfaceOrientationPortrait UIInterfaceOrientationPortraitUpsideDown UIInterfaceOrientationLandscapeLeft UIInterfaceOrientationLandscapeRight";
				INFOPLIST_KEY_UISupportedInterfaceOrientations_iPhone = "UIInterfaceOrientationPortrait UIInterfaceOrientationLandscapeLeft UIInterfaceOrientationLandscapeRight";
				LD_RUNPATH_SEARCH_PATHS = (
					"$(inherited)",
					"@executable_path/Frameworks",
				);
				MARKETING_VERSION = 1.0;
				PRODUCT_BUNDLE_IDENTIFIER = oasis444.COVID19;
				PRODUCT_NAME = "$(TARGET_NAME)";
				SWIFT_EMIT_LOC_STRINGS = YES;
				SWIFT_VERSION = 5.0;
				TARGETED_DEVICE_FAMILY = "1,2";
			};
			name = Release;
		};
		33E51BFA29FD96FE00290B9C /* Debug */ = {
			isa = XCBuildConfiguration;
			baseConfigurationReference = 507444BE982696536146D2B9 /* Pods-COVID19Tests.debug.xcconfig */;
			buildSettings = {
				ALWAYS_EMBED_SWIFT_STANDARD_LIBRARIES = YES;
				BUNDLE_LOADER = "$(TEST_HOST)";
				CODE_SIGN_STYLE = Automatic;
				CURRENT_PROJECT_VERSION = 1;
				DEVELOPMENT_TEAM = HJ943JVKX7;
				GENERATE_INFOPLIST_FILE = YES;
				IPHONEOS_DEPLOYMENT_TARGET = 16.4;
				MARKETING_VERSION = 1.0;
				PRODUCT_BUNDLE_IDENTIFIER = oasis444.COVID19Tests;
				PRODUCT_NAME = "$(TARGET_NAME)";
				SWIFT_EMIT_LOC_STRINGS = NO;
				SWIFT_VERSION = 5.0;
				TARGETED_DEVICE_FAMILY = "1,2";
				TEST_HOST = "$(BUILT_PRODUCTS_DIR)/COVID19.app/$(BUNDLE_EXECUTABLE_FOLDER_PATH)/COVID19";
			};
			name = Debug;
		};
		33E51BFB29FD96FE00290B9C /* Release */ = {
			isa = XCBuildConfiguration;
			baseConfigurationReference = B7E57FD5FB77EADAAC78BABA /* Pods-COVID19Tests.release.xcconfig */;
			buildSettings = {
				ALWAYS_EMBED_SWIFT_STANDARD_LIBRARIES = YES;
				BUNDLE_LOADER = "$(TEST_HOST)";
				CODE_SIGN_STYLE = Automatic;
				CURRENT_PROJECT_VERSION = 1;
				DEVELOPMENT_TEAM = HJ943JVKX7;
				GENERATE_INFOPLIST_FILE = YES;
				IPHONEOS_DEPLOYMENT_TARGET = 16.4;
				MARKETING_VERSION = 1.0;
				PRODUCT_BUNDLE_IDENTIFIER = oasis444.COVID19Tests;
				PRODUCT_NAME = "$(TARGET_NAME)";
				SWIFT_EMIT_LOC_STRINGS = NO;
				SWIFT_VERSION = 5.0;
				TARGETED_DEVICE_FAMILY = "1,2";
				TEST_HOST = "$(BUILT_PRODUCTS_DIR)/COVID19.app/$(BUNDLE_EXECUTABLE_FOLDER_PATH)/COVID19";
			};
			name = Release;
		};
		33E51BFD29FD96FE00290B9C /* Debug */ = {
			isa = XCBuildConfiguration;
			baseConfigurationReference = D66032D7466CC0E13CFDF873 /* Pods-COVID19-COVID19UITests.debug.xcconfig */;
			buildSettings = {
				ALWAYS_EMBED_SWIFT_STANDARD_LIBRARIES = YES;
				CODE_SIGN_STYLE = Automatic;
				CURRENT_PROJECT_VERSION = 1;
				DEVELOPMENT_TEAM = HJ943JVKX7;
				GENERATE_INFOPLIST_FILE = YES;
				MARKETING_VERSION = 1.0;
				PRODUCT_BUNDLE_IDENTIFIER = oasis444.COVID19UITests;
				PRODUCT_NAME = "$(TARGET_NAME)";
				SWIFT_EMIT_LOC_STRINGS = NO;
				SWIFT_VERSION = 5.0;
				TARGETED_DEVICE_FAMILY = "1,2";
				TEST_TARGET_NAME = COVID19;
			};
			name = Debug;
		};
		33E51BFE29FD96FE00290B9C /* Release */ = {
			isa = XCBuildConfiguration;
			baseConfigurationReference = D206119E329CA4FC77960666 /* Pods-COVID19-COVID19UITests.release.xcconfig */;
			buildSettings = {
				ALWAYS_EMBED_SWIFT_STANDARD_LIBRARIES = YES;
				CODE_SIGN_STYLE = Automatic;
				CURRENT_PROJECT_VERSION = 1;
				DEVELOPMENT_TEAM = HJ943JVKX7;
				GENERATE_INFOPLIST_FILE = YES;
				MARKETING_VERSION = 1.0;
				PRODUCT_BUNDLE_IDENTIFIER = oasis444.COVID19UITests;
				PRODUCT_NAME = "$(TARGET_NAME)";
				SWIFT_EMIT_LOC_STRINGS = NO;
				SWIFT_VERSION = 5.0;
				TARGETED_DEVICE_FAMILY = "1,2";
				TEST_TARGET_NAME = COVID19;
			};
			name = Release;
		};
/* End XCBuildConfiguration section */

/* Begin XCConfigurationList section */
		33E51BC729FD96FD00290B9C /* Build configuration list for PBXProject "COVID19" */ = {
			isa = XCConfigurationList;
			buildConfigurations = (
				33E51BF429FD96FE00290B9C /* Debug */,
				33E51BF529FD96FE00290B9C /* Release */,
			);
			defaultConfigurationIsVisible = 0;
			defaultConfigurationName = Release;
		};
		33E51BF629FD96FE00290B9C /* Build configuration list for PBXNativeTarget "COVID19" */ = {
			isa = XCConfigurationList;
			buildConfigurations = (
				33E51BF729FD96FE00290B9C /* Debug */,
				33E51BF829FD96FE00290B9C /* Release */,
			);
			defaultConfigurationIsVisible = 0;
			defaultConfigurationName = Release;
		};
		33E51BF929FD96FE00290B9C /* Build configuration list for PBXNativeTarget "COVID19Tests" */ = {
			isa = XCConfigurationList;
			buildConfigurations = (
				33E51BFA29FD96FE00290B9C /* Debug */,
				33E51BFB29FD96FE00290B9C /* Release */,
			);
			defaultConfigurationIsVisible = 0;
			defaultConfigurationName = Release;
		};
		33E51BFC29FD96FE00290B9C /* Build configuration list for PBXNativeTarget "COVID19UITests" */ = {
			isa = XCConfigurationList;
			buildConfigurations = (
				33E51BFD29FD96FE00290B9C /* Debug */,
				33E51BFE29FD96FE00290B9C /* Release */,
			);
			defaultConfigurationIsVisible = 0;
			defaultConfigurationName = Release;
		};
/* End XCConfigurationList section */
	};
	rootObject = 33E51BC429FD96FD00290B9C /* Project object */;
}
